
Microsoft Visual Studio Solution File, Format Version 12.00
Project("{FAE04EC0-301F-11D3-BF4B-00C04F79EFBC}") = "BMI_Calculator", "BMI_Calculator\BMI_Calculator.csproj", "{C97C3E3D-8B14-4A08-8547-DD94A8D76565}"
EndProject
Global
	GlobalSection(SolutionConfigurationPlatforms) = preSolution
		Debug|Any CPU = Debug|Any CPU
		Release|Any CPU = Release|Any CPU
	EndGlobalSection
	GlobalSection(ProjectConfigurationPlatforms) = postSolution
		{C97C3E3D-8B14-4A08-8547-DD94A8D76565}.Debug|Any CPU.ActiveCfg = Debug|Any CPU
		{C97C3E3D-8B14-4A08-8547-DD94A8D76565}.Debug|Any CPU.Build.0 = Debug|Any CPU
		{C97C3E3D-8B14-4A08-8547-DD94A8D76565}.Release|Any CPU.ActiveCfg = Release|Any CPU
		{C97C3E3D-8B14-4A08-8547-DD94A8D76565}.Release|Any CPU.Build.0 = Release|Any CPU
	EndGlobalSection
EndGlobal
